
Microsoft Visual Studio Solution File, Format Version 12.00
# Visual Studio Version 17
VisualStudioVersion = 17.0.31903.59
MinimumVisualStudioVersion = 10.0.40219.1
Project("{2150E333-8FDC-42A3-9474-1A3956D46DE8}") = "src", "src", "{827E0CD3-B72D-47B6-A68D-7590B98EB39B}"
EndProject
Project("{2150E333-8FDC-42A3-9474-1A3956D46DE8}") = "DataSources", "DataSources", "{DA7A5011-0000-0000-0000-000000000001}"
EndProject
Project("{FAE04EC0-301F-11D3-BF4B-00C04F79EFBC}") = "Assistant.Sdk", "src\Promptile.Sdk\Promptile.Sdk.csproj", "{4266DFE6-9B5B-4AA4-BC8F-36C6630366B1}"
EndProject
Project("{FAE04EC0-301F-11D3-BF4B-00C04F79EFBC}") = "Assistant.Host", "src\Promptile.Host\Promptile.Host.csproj", "{321C46BC-3004-4DA2-A256-FCFE36F5E1B9}"
EndProject
Project("{FAE04EC0-301F-11D3-BF4B-00C04F79EFBC}") = "Slack.Plugin", "src\DataSources\Slack.Plugin\Slack.Plugin.csproj", "{A1B2C3D4-E5F6-7890-ABCD-EF1234567890}"
EndProject
Project("{FAE04EC0-301F-11D3-BF4B-00C04F79EFBC}") = "Gmail.Plugin", "src\DataSources\Gmail.Plugin\Gmail.Plugin.csproj", "{B2C3D4E5-F6A7-8901-BCDE-F12345678901}"
EndProject
Project("{FAE04EC0-301F-11D3-BF4B-00C04F79EFBC}") = "Calendar.Plugin", "src\DataSources\Calendar.Plugin\Calendar.Plugin.csproj", "{C3D4E5F6-A7B8-9012-CDEF-123456789012}"
EndProject
Project("{FAE04EC0-301F-11D3-BF4B-00C04F79EFBC}") = "Obsidian.Plugin", "src\DataSources\Obsidian.Plugin\Obsidian.Plugin.csproj", "{D4E5F6A7-B8C9-0123-DEF0-234567890123}"
EndProject
Project("{FAE04EC0-301F-11D3-BF4B-00C04F79EFBC}") = "Linear.Plugin", "src\DataSources\Linear.Plugin\Linear.Plugin.csproj", "{7AEAF0A2-32A9-4967-81D7-FEF45DF26A96}"
EndProject
Project("{FAE04EC0-301F-11D3-BF4B-00C04F79EFBC}") = "GitHub.Plugin", "src\DataSources\GitHub.Plugin\GitHub.Plugin.csproj", "{0D13C43F-D952-468B-A8CB-B3A8EE5050CF}"
EndProject
Project("{FAE04EC0-301F-11D3-BF4B-00C04F79EFBC}") = "Jira.Plugin", "src\DataSources\Jira.Plugin\Jira.Plugin.csproj", "{E5F6A7B8-C9D0-1234-EF01-345678901234}"
EndProject
Project("{FAE04EC0-301F-11D3-BF4B-00C04F79EFBC}") = "Folder.Plugin", "src\DataSources\Folder.Plugin\Folder.Plugin.csproj", "{F6A7B8C9-D0E1-2345-F012-456789012345}"
EndProject
Project("{FAE04EC0-301F-11D3-BF4B-00C04F79EFBC}") = "Asana.Plugin", "src\DataSources\Asana.Plugin\Asana.Plugin.csproj", "{A7B8C9D0-E1F2-3456-0123-567890123456}"
EndProject
Project("{FAE04EC0-301F-11D3-BF4B-00C04F79EFBC}") = "Rss.Plugin", "src\DataSources\Rss.Plugin\Rss.Plugin.csproj", "{A44EFB08-5D26-4104-BE56-4F3E2FE2E348}"
EndProject
Project("{FAE04EC0-301F-11D3-BF4B-00C04F79EFBC}") = "Assistant.Tests", "src\Promptile.Tests\Promptile.Tests.csproj", "{6A35E57F-9ACC-4223-A634-0E6F91F21FF7}"
EndProject
Project("{FAE04EC0-301F-11D3-BF4B-00C04F79EFBC}") = "Example.Plugin", "src\DataSources\Example.Plugin\Example.Plugin.csproj", "{B4585248-9057-42B1-BE2E-9C6D2F0F3E94}"
EndProject
Global
	GlobalSection(SolutionConfigurationPlatforms) = preSolution
		Debug|Any CPU = Debug|Any CPU
		Debug|x64 = Debug|x64
		Debug|x86 = Debug|x86
		Release|Any CPU = Release|Any CPU
		Release|x64 = Release|x64
		Release|x86 = Release|x86
	EndGlobalSection
	GlobalSection(ProjectConfigurationPlatforms) = postSolution
		{4266DFE6-9B5B-4AA4-BC8F-36C6630366B1}.Debug|Any CPU.ActiveCfg = Debug|Any CPU
		{4266DFE6-9B5B-4AA4-BC8F-36C6630366B1}.Debug|Any CPU.Build.0 = Debug|Any CPU
		{4266DFE6-9B5B-4AA4-BC8F-36C6630366B1}.Debug|x64.ActiveCfg = Debug|Any CPU
		{4266DFE6-9B5B-4AA4-BC8F-36C6630366B1}.Debug|x64.Build.0 = Debug|Any CPU
		{4266DFE6-9B5B-4AA4-BC8F-36C6630366B1}.Debug|x86.ActiveCfg = Debug|Any CPU
		{4266DFE6-9B5B-4AA4-BC8F-36C6630366B1}.Debug|x86.Build.0 = Debug|Any CPU
		{4266DFE6-9B5B-4AA4-BC8F-36C6630366B1}.Release|Any CPU.ActiveCfg = Release|Any CPU
		{4266DFE6-9B5B-4AA4-BC8F-36C6630366B1}.Release|Any CPU.Build.0 = Release|Any CPU
		{4266DFE6-9B5B-4AA4-BC8F-36C6630366B1}.Release|x64.ActiveCfg = Release|Any CPU
		{4266DFE6-9B5B-4AA4-BC8F-36C6630366B1}.Release|x64.Build.0 = Release|Any CPU
		{4266DFE6-9B5B-4AA4-BC8F-36C6630366B1}.Release|x86.ActiveCfg = Release|Any CPU
		{4266DFE6-9B5B-4AA4-BC8F-36C6630366B1}.Release|x86.Build.0 = Release|Any CPU
		{321C46BC-3004-4DA2-A256-FCFE36F5E1B9}.Debug|Any CPU.ActiveCfg = Debug|Any CPU
		{321C46BC-3004-4DA2-A256-FCFE36F5E1B9}.Debug|Any CPU.Build.0 = Debug|Any CPU
		{321C46BC-3004-4DA2-A256-FCFE36F5E1B9}.Debug|x64.ActiveCfg = Debug|Any CPU
		{321C46BC-3004-4DA2-A256-FCFE36F5E1B9}.Debug|x64.Build.0 = Debug|Any CPU
		{321C46BC-3004-4DA2-A256-FCFE36F5E1B9}.Debug|x86.ActiveCfg = Debug|Any CPU
		{321C46BC-3004-4DA2-A256-FCFE36F5E1B9}.Debug|x86.Build.0 = Debug|Any CPU
		{321C46BC-3004-4DA2-A256-FCFE36F5E1B9}.Release|Any CPU.ActiveCfg = Release|Any CPU
		{321C46BC-3004-4DA2-A256-FCFE36F5E1B9}.Release|Any CPU.Build.0 = Release|Any CPU
		{321C46BC-3004-4DA2-A256-FCFE36F5E1B9}.Release|x64.ActiveCfg = Release|Any CPU
		{321C46BC-3004-4DA2-A256-FCFE36F5E1B9}.Release|x64.Build.0 = Release|Any CPU
		{321C46BC-3004-4DA2-A256-FCFE36F5E1B9}.Release|x86.ActiveCfg = Release|Any CPU
		{321C46BC-3004-4DA2-A256-FCFE36F5E1B9}.Release|x86.Build.0 = Release|Any CPU
		{A1B2C3D4-E5F6-7890-ABCD-EF1234567890}.Debug|Any CPU.ActiveCfg = Debug|Any CPU
		{A1B2C3D4-E5F6-7890-ABCD-EF1234567890}.Debug|Any CPU.Build.0 = Debug|Any CPU
		{A1B2C3D4-E5F6-7890-ABCD-EF1234567890}.Debug|x64.ActiveCfg = Debug|Any CPU
		{A1B2C3D4-E5F6-7890-ABCD-EF1234567890}.Debug|x64.Build.0 = Debug|Any CPU
		{A1B2C3D4-E5F6-7890-ABCD-EF1234567890}.Debug|x86.ActiveCfg = Debug|Any CPU
		{A1B2C3D4-E5F6-7890-ABCD-EF1234567890}.Debug|x86.Build.0 = Debug|Any CPU
		{A1B2C3D4-E5F6-7890-ABCD-EF1234567890}.Release|Any CPU.ActiveCfg = Release|Any CPU
		{A1B2C3D4-E5F6-7890-ABCD-EF1234567890}.Release|Any CPU.Build.0 = Release|Any CPU
		{A1B2C3D4-E5F6-7890-ABCD-EF1234567890}.Release|x64.ActiveCfg = Release|Any CPU
		{A1B2C3D4-E5F6-7890-ABCD-EF1234567890}.Release|x64.Build.0 = Release|Any CPU
		{A1B2C3D4-E5F6-7890-ABCD-EF1234567890}.Release|x86.ActiveCfg = Release|Any CPU
		{A1B2C3D4-E5F6-7890-ABCD-EF1234567890}.Release|x86.Build.0 = Release|Any CPU
		{B2C3D4E5-F6A7-8901-BCDE-F12345678901}.Debug|Any CPU.ActiveCfg = Debug|Any CPU
		{B2C3D4E5-F6A7-8901-BCDE-F12345678901}.Debug|Any CPU.Build.0 = Debug|Any CPU
		{B2C3D4E5-F6A7-8901-BCDE-F12345678901}.Debug|x64.ActiveCfg = Debug|Any CPU
		{B2C3D4E5-F6A7-8901-BCDE-F12345678901}.Debug|x64.Build.0 = Debug|Any CPU
		{B2C3D4E5-F6A7-8901-BCDE-F12345678901}.Debug|x86.ActiveCfg = Debug|Any CPU
		{B2C3D4E5-F6A7-8901-BCDE-F12345678901}.Debug|x86.Build.0 = Debug|Any CPU
		{B2C3D4E5-F6A7-8901-BCDE-F12345678901}.Release|Any CPU.ActiveCfg = Release|Any CPU
		{B2C3D4E5-F6A7-8901-BCDE-F12345678901}.Release|Any CPU.Build.0 = Release|Any CPU
		{B2C3D4E5-F6A7-8901-BCDE-F12345678901}.Release|x64.ActiveCfg = Release|Any CPU
		{B2C3D4E5-F6A7-8901-BCDE-F12345678901}.Release|x64.Build.0 = Release|Any CPU
		{B2C3D4E5-F6A7-8901-BCDE-F12345678901}.Release|x86.ActiveCfg = Release|Any CPU
		{B2C3D4E5-F6A7-8901-BCDE-F12345678901}.Release|x86.Build.0 = Release|Any CPU
		{C3D4E5F6-A7B8-9012-CDEF-123456789012}.Debug|Any CPU.ActiveCfg = Debug|Any CPU
		{C3D4E5F6-A7B8-9012-CDEF-123456789012}.Debug|Any CPU.Build.0 = Debug|Any CPU
		{C3D4E5F6-A7B8-9012-CDEF-123456789012}.Debug|x64.ActiveCfg = Debug|Any CPU
		{C3D4E5F6-A7B8-9012-CDEF-123456789012}.Debug|x64.Build.0 = Debug|Any CPU
		{C3D4E5F6-A7B8-9012-CDEF-123456789012}.Debug|x86.ActiveCfg = Debug|Any CPU
		{C3D4E5F6-A7B8-9012-CDEF-123456789012}.Debug|x86.Build.0 = Debug|Any CPU
		{C3D4E5F6-A7B8-9012-CDEF-123456789012}.Release|Any CPU.ActiveCfg = Release|Any CPU
		{C3D4E5F6-A7B8-9012-CDEF-123456789012}.Release|Any CPU.Build.0 = Release|Any CPU
		{C3D4E5F6-A7B8-9012-CDEF-123456789012}.Release|x64.ActiveCfg = Release|Any CPU
		{C3D4E5F6-A7B8-9012-CDEF-123456789012}.Release|x64.Build.0 = Release|Any CPU
		{C3D4E5F6-A7B8-9012-CDEF-123456789012}.Release|x86.ActiveCfg = Release|Any CPU
		{C3D4E5F6-A7B8-9012-CDEF-123456789012}.Release|x86.Build.0 = Release|Any CPU
		{D4E5F6A7-B8C9-0123-DEF0-234567890123}.Debug|Any CPU.ActiveCfg = Debug|Any CPU
		{D4E5F6A7-B8C9-0123-DEF0-234567890123}.Debug|Any CPU.Build.0 = Debug|Any CPU
		{D4E5F6A7-B8C9-0123-DEF0-234567890123}.Debug|x64.ActiveCfg = Debug|Any CPU
		{D4E5F6A7-B8C9-0123-DEF0-234567890123}.Debug|x64.Build.0 = Debug|Any CPU
		{D4E5F6A7-B8C9-0123-DEF0-234567890123}.Debug|x86.ActiveCfg = Debug|Any CPU
		{D4E5F6A7-B8C9-0123-DEF0-234567890123}.Debug|x86.Build.0 = Debug|Any CPU
		{D4E5F6A7-B8C9-0123-DEF0-234567890123}.Release|Any CPU.ActiveCfg = Release|Any CPU
		{D4E5F6A7-B8C9-0123-DEF0-234567890123}.Release|Any CPU.Build.0 = Release|Any CPU
		{D4E5F6A7-B8C9-0123-DEF0-234567890123}.Release|x64.ActiveCfg = Release|Any CPU
		{D4E5F6A7-B8C9-0123-DEF0-234567890123}.Release|x64.Build.0 = Release|Any CPU
		{D4E5F6A7-B8C9-0123-DEF0-234567890123}.Release|x86.ActiveCfg = Release|Any CPU
		{D4E5F6A7-B8C9-0123-DEF0-234567890123}.Release|x86.Build.0 = Release|Any CPU
		{7AEAF0A2-32A9-4967-81D7-FEF45DF26A96}.Debug|Any CPU.ActiveCfg = Debug|Any CPU
		{7AEAF0A2-32A9-4967-81D7-FEF45DF26A96}.Debug|Any CPU.Build.0 = Debug|Any CPU
		{7AEAF0A2-32A9-4967-81D7-FEF45DF26A96}.Debug|x64.ActiveCfg = Debug|Any CPU
		{7AEAF0A2-32A9-4967-81D7-FEF45DF26A96}.Debug|x64.Build.0 = Debug|Any CPU
		{7AEAF0A2-32A9-4967-81D7-FEF45DF26A96}.Debug|x86.ActiveCfg = Debug|Any CPU
		{7AEAF0A2-32A9-4967-81D7-FEF45DF26A96}.Debug|x86.Build.0 = Debug|Any CPU
		{7AEAF0A2-32A9-4967-81D7-FEF45DF26A96}.Release|Any CPU.ActiveCfg = Release|Any CPU
		{7AEAF0A2-32A9-4967-81D7-FEF45DF26A96}.Release|Any CPU.Build.0 = Release|Any CPU
		{7AEAF0A2-32A9-4967-81D7-FEF45DF26A96}.Release|x64.ActiveCfg = Release|Any CPU
		{7AEAF0A2-32A9-4967-81D7-FEF45DF26A96}.Release|x64.Build.0 = Release|Any CPU
		{7AEAF0A2-32A9-4967-81D7-FEF45DF26A96}.Release|x86.ActiveCfg = Release|Any CPU
		{7AEAF0A2-32A9-4967-81D7-FEF45DF26A96}.Release|x86.Build.0 = Release|Any CPU
		{0D13C43F-D952-468B-A8CB-B3A8EE5050CF}.Debug|Any CPU.ActiveCfg = Debug|Any CPU
		{0D13C43F-D952-468B-A8CB-B3A8EE5050CF}.Debug|Any CPU.Build.0 = Debug|Any CPU
		{0D13C43F-D952-468B-A8CB-B3A8EE5050CF}.Debug|x64.ActiveCfg = Debug|Any CPU
		{0D13C43F-D952-468B-A8CB-B3A8EE5050CF}.Debug|x64.Build.0 = Debug|Any CPU
		{0D13C43F-D952-468B-A8CB-B3A8EE5050CF}.Debug|x86.ActiveCfg = Debug|Any CPU
		{0D13C43F-D952-468B-A8CB-B3A8EE5050CF}.Debug|x86.Build.0 = Debug|Any CPU
		{0D13C43F-D952-468B-A8CB-B3A8EE5050CF}.Release|Any CPU.ActiveCfg = Release|Any CPU
		{0D13C43F-D952-468B-A8CB-B3A8EE5050CF}.Release|Any CPU.Build.0 = Release|Any CPU
		{0D13C43F-D952-468B-A8CB-B3A8EE5050CF}.Release|x64.ActiveCfg = Release|Any CPU
		{0D13C43F-D952-468B-A8CB-B3A8EE5050CF}.Release|x64.Build.0 = Release|Any CPU
		{0D13C43F-D952-468B-A8CB-B3A8EE5050CF}.Release|x86.ActiveCfg = Release|Any CPU
		{0D13C43F-D952-468B-A8CB-B3A8EE5050CF}.Release|x86.Build.0 = Release|Any CPU
		{E5F6A7B8-C9D0-1234-EF01-345678901234}.Debug|Any CPU.ActiveCfg = Debug|Any CPU
		{E5F6A7B8-C9D0-1234-EF01-345678901234}.Debug|Any CPU.Build.0 = Debug|Any CPU
		{E5F6A7B8-C9D0-1234-EF01-345678901234}.Debug|x64.ActiveCfg = Debug|Any CPU
		{E5F6A7B8-C9D0-1234-EF01-345678901234}.Debug|x64.Build.0 = Debug|Any CPU
		{E5F6A7B8-C9D0-1234-EF01-345678901234}.Debug|x86.ActiveCfg = Debug|Any CPU
		{E5F6A7B8-C9D0-1234-EF01-345678901234}.Debug|x86.Build.0 = Debug|Any CPU
		{E5F6A7B8-C9D0-1234-EF01-345678901234}.Release|Any CPU.ActiveCfg = Release|Any CPU
		{E5F6A7B8-C9D0-1234-EF01-345678901234}.Release|Any CPU.Build.0 = Release|Any CPU
		{E5F6A7B8-C9D0-1234-EF01-345678901234}.Release|x64.ActiveCfg = Release|Any CPU
		{E5F6A7B8-C9D0-1234-EF01-345678901234}.Release|x64.Build.0 = Release|Any CPU
		{E5F6A7B8-C9D0-1234-EF01-345678901234}.Release|x86.ActiveCfg = Release|Any CPU
		{E5F6A7B8-C9D0-1234-EF01-345678901234}.Release|x86.Build.0 = Release|Any CPU
		{F6A7B8C9-D0E1-2345-F012-456789012345}.Debug|Any CPU.ActiveCfg = Debug|Any CPU
		{F6A7B8C9-D0E1-2345-F012-456789012345}.Debug|Any CPU.Build.0 = Debug|Any CPU
		{F6A7B8C9-D0E1-2345-F012-456789012345}.Debug|x64.ActiveCfg = Debug|Any CPU
		{F6A7B8C9-D0E1-2345-F012-456789012345}.Debug|x64.Build.0 = Debug|Any CPU
		{F6A7B8C9-D0E1-2345-F012-456789012345}.Debug|x86.ActiveCfg = Debug|Any CPU
		{F6A7B8C9-D0E1-2345-F012-456789012345}.Debug|x86.Build.0 = Debug|Any CPU
		{F6A7B8C9-D0E1-2345-F012-456789012345}.Release|Any CPU.ActiveCfg = Release|Any CPU
		{F6A7B8C9-D0E1-2345-F012-456789012345}.Release|Any CPU.Build.0 = Release|Any CPU
		{F6A7B8C9-D0E1-2345-F012-456789012345}.Release|x64.ActiveCfg = Release|Any CPU
		{F6A7B8C9-D0E1-2345-F012-456789012345}.Release|x64.Build.0 = Release|Any CPU
		{F6A7B8C9-D0E1-2345-F012-456789012345}.Release|x86.ActiveCfg = Release|Any CPU
		{F6A7B8C9-D0E1-2345-F012-456789012345}.Release|x86.Build.0 = Release|Any CPU
		{A7B8C9D0-E1F2-3456-0123-567890123456}.Debug|Any CPU.ActiveCfg = Debug|Any CPU
		{A7B8C9D0-E1F2-3456-0123-567890123456}.Debug|Any CPU.Build.0 = Debug|Any CPU
		{A7B8C9D0-E1F2-3456-0123-567890123456}.Debug|x64.ActiveCfg = Debug|Any CPU
		{A7B8C9D0-E1F2-3456-0123-567890123456}.Debug|x64.Build.0 = Debug|Any CPU
		{A7B8C9D0-E1F2-3456-0123-567890123456}.Debug|x86.ActiveCfg = Debug|Any CPU
		{A7B8C9D0-E1F2-3456-0123-567890123456}.Debug|x86.Build.0 = Debug|Any CPU
		{A7B8C9D0-E1F2-3456-0123-567890123456}.Release|Any CPU.ActiveCfg = Release|Any CPU
		{A7B8C9D0-E1F2-3456-0123-567890123456}.Release|Any CPU.Build.0 = Release|Any CPU
		{A7B8C9D0-E1F2-3456-0123-567890123456}.Release|x64.ActiveCfg = Release|Any CPU
		{A7B8C9D0-E1F2-3456-0123-567890123456}.Release|x64.Build.0 = Release|Any CPU
		{A7B8C9D0-E1F2-3456-0123-567890123456}.Release|x86.ActiveCfg = Release|Any CPU
		{A7B8C9D0-E1F2-3456-0123-567890123456}.Release|x86.Build.0 = Release|Any CPU
		{A44EFB08-5D26-4104-BE56-4F3E2FE2E348}.Debug|Any CPU.ActiveCfg = Debug|Any CPU
		{A44EFB08-5D26-4104-BE56-4F3E2FE2E348}.Debug|Any CPU.Build.0 = Debug|Any CPU
		{A44EFB08-5D26-4104-BE56-4F3E2FE2E348}.Debug|x64.ActiveCfg = Debug|Any CPU
		{A44EFB08-5D26-4104-BE56-4F3E2FE2E348}.Debug|x64.Build.0 = Debug|Any CPU
		{A44EFB08-5D26-4104-BE56-4F3E2FE2E348}.Debug|x86.ActiveCfg = Debug|Any CPU
		{A44EFB08-5D26-4104-BE56-4F3E2FE2E348}.Debug|x86.Build.0 = Debug|Any CPU
		{A44EFB08-5D26-4104-BE56-4F3E2FE2E348}.Release|Any CPU.ActiveCfg = Release|Any CPU
		{A44EFB08-5D26-4104-BE56-4F3E2FE2E348}.Release|Any CPU.Build.0 = Release|Any CPU
		{A44EFB08-5D26-4104-BE56-4F3E2FE2E348}.Release|x64.ActiveCfg = Release|Any CPU
		{A44EFB08-5D26-4104-BE56-4F3E2FE2E348}.Release|x64.Build.0 = Release|Any CPU
		{A44EFB08-5D26-4104-BE56-4F3E2FE2E348}.Release|x86.ActiveCfg = Release|Any CPU
		{A44EFB08-5D26-4104-BE56-4F3E2FE2E348}.Release|x86.Build.0 = Release|Any CPU
		{6A35E57F-9ACC-4223-A634-0E6F91F21FF7}.Debug|Any CPU.ActiveCfg = Debug|Any CPU
		{6A35E57F-9ACC-4223-A634-0E6F91F21FF7}.Debug|Any CPU.Build.0 = Debug|Any CPU
		{6A35E57F-9ACC-4223-A634-0E6F91F21FF7}.Debug|x64.ActiveCfg = Debug|Any CPU
		{6A35E57F-9ACC-4223-A634-0E6F91F21FF7}.Debug|x64.Build.0 = Debug|Any CPU
		{6A35E57F-9ACC-4223-A634-0E6F91F21FF7}.Debug|x86.ActiveCfg = Debug|Any CPU
		{6A35E57F-9ACC-4223-A634-0E6F91F21FF7}.Debug|x86.Build.0 = Debug|Any CPU
		{6A35E57F-9ACC-4223-A634-0E6F91F21FF7}.Release|Any CPU.ActiveCfg = Release|Any CPU
		{6A35E57F-9ACC-4223-A634-0E6F91F21FF7}.Release|Any CPU.Build.0 = Release|Any CPU
		{6A35E57F-9ACC-4223-A634-0E6F91F21FF7}.Release|x64.ActiveCfg = Release|Any CPU
		{6A35E57F-9ACC-4223-A634-0E6F91F21FF7}.Release|x64.Build.0 = Release|Any CPU
		{6A35E57F-9ACC-4223-A634-0E6F91F21FF7}.Release|x86.ActiveCfg = Release|Any CPU
		{6A35E57F-9ACC-4223-A634-0E6F91F21FF7}.Release|x86.Build.0 = Release|Any CPU
		{B4585248-9057-42B1-BE2E-9C6D2F0F3E94}.Debug|Any CPU.ActiveCfg = Debug|Any CPU
		{B4585248-9057-42B1-BE2E-9C6D2F0F3E94}.Debug|Any CPU.Build.0 = Debug|Any CPU
		{B4585248-9057-42B1-BE2E-9C6D2F0F3E94}.Debug|x64.ActiveCfg = Debug|Any CPU
		{B4585248-9057-42B1-BE2E-9C6D2F0F3E94}.Debug|x64.Build.0 = Debug|Any CPU
		{B4585248-9057-42B1-BE2E-9C6D2F0F3E94}.Debug|x86.ActiveCfg = Debug|Any CPU
		{B4585248-9057-42B1-BE2E-9C6D2F0F3E94}.Debug|x86.Build.0 = Debug|Any CPU
		{B4585248-9057-42B1-BE2E-9C6D2F0F3E94}.Release|Any CPU.ActiveCfg = Release|Any CPU
		{B4585248-9057-42B1-BE2E-9C6D2F0F3E94}.Release|Any CPU.Build.0 = Release|Any CPU
		{B4585248-9057-42B1-BE2E-9C6D2F0F3E94}.Release|x64.ActiveCfg = Release|Any CPU
		{B4585248-9057-42B1-BE2E-9C6D2F0F3E94}.Release|x64.Build.0 = Release|Any CPU
		{B4585248-9057-42B1-BE2E-9C6D2F0F3E94}.Release|x86.ActiveCfg = Release|Any CPU
		{B4585248-9057-42B1-BE2E-9C6D2F0F3E94}.Release|x86.Build.0 = Release|Any CPU
	EndGlobalSection
	GlobalSection(SolutionProperties) = preSolution
		HideSolutionNode = FALSE
	EndGlobalSection
	GlobalSection(NestedProjects) = preSolution
		{DA7A5011-0000-0000-0000-000000000001} = {827E0CD3-B72D-47B6-A68D-7590B98EB39B}
		{4266DFE6-9B5B-4AA4-BC8F-36C6630366B1} = {827E0CD3-B72D-47B6-A68D-7590B98EB39B}
		{321C46BC-3004-4DA2-A256-FCFE36F5E1B9} = {827E0CD3-B72D-47B6-A68D-7590B98EB39B}
		{A1B2C3D4-E5F6-7890-ABCD-EF1234567890} = {DA7A5011-0000-0000-0000-000000000001}
		{B2C3D4E5-F6A7-8901-BCDE-F12345678901} = {DA7A5011-0000-0000-0000-000000000001}
		{C3D4E5F6-A7B8-9012-CDEF-123456789012} = {DA7A5011-0000-0000-0000-000000000001}
		{D4E5F6A7-B8C9-0123-DEF0-234567890123} = {DA7A5011-0000-0000-0000-000000000001}
		{7AEAF0A2-32A9-4967-81D7-FEF45DF26A96} = {DA7A5011-0000-0000-0000-000000000001}
		{0D13C43F-D952-468B-A8CB-B3A8EE5050CF} = {DA7A5011-0000-0000-0000-000000000001}
		{E5F6A7B8-C9D0-1234-EF01-345678901234} = {DA7A5011-0000-0000-0000-000000000001}
		{F6A7B8C9-D0E1-2345-F012-456789012345} = {DA7A5011-0000-0000-0000-000000000001}
		{A7B8C9D0-E1F2-3456-0123-567890123456} = {DA7A5011-0000-0000-0000-000000000001}
		{A44EFB08-5D26-4104-BE56-4F3E2FE2E348} = {DA7A5011-0000-0000-0000-000000000001}
		{6A35E57F-9ACC-4223-A634-0E6F91F21FF7} = {827E0CD3-B72D-47B6-A68D-7590B98EB39B}
		{B4585248-9057-42B1-BE2E-9C6D2F0F3E94} = {DA7A5011-0000-0000-0000-000000000001}
	EndGlobalSection
EndGlobal
